
Microsoft Visual Studio Solution File, Format Version 12.00
# Visual Studio Version 17
VisualStudioVersion = 17.2.32516.85
MinimumVisualStudioVersion = 10.0.40219.1
Project("{9A19103F-16F7-4668-BE54-9A1E7A4F7556}") = "ListsClassic", "Lists\ListsClassic.csproj", "{D4B6CA9B-AEDB-487C-A8D8-BB969F6FE353}"
EndProject
Project("{9A19103F-16F7-4668-BE54-9A1E7A4F7556}") = "ListsDIBasic", "ListsDIBasic\ListsDIBasic.csproj", "{8DDD4274-C617-40EB-B0F7-11CFD6040D60}"
EndProject
Project("{FAE04EC0-301F-11D3-BF4B-00C04F79EFBC}") = "ListsDINasty", "ListsDINasty\ListsDINasty.csproj", "{7FAEB2E3-68DB-4BD1-A1AF-D31287DBB02A}"
EndProject
Global
	GlobalSection(SolutionConfigurationPlatforms) = preSolution
		Debug|Any CPU = Debug|Any CPU
		Release|Any CPU = Release|Any CPU
	EndGlobalSection
	GlobalSection(ProjectConfigurationPlatforms) = postSolution
		{D4B6CA9B-AEDB-487C-A8D8-BB969F6FE353}.Debug|Any CPU.ActiveCfg = Debug|Any CPU
		{D4B6CA9B-AEDB-487C-A8D8-BB969F6FE353}.Debug|Any CPU.Build.0 = Debug|Any CPU
		{D4B6CA9B-AEDB-487C-A8D8-BB969F6FE353}.Release|Any CPU.ActiveCfg = Release|Any CPU
		{D4B6CA9B-AEDB-487C-A8D8-BB969F6FE353}.Release|Any CPU.Build.0 = Release|Any CPU
		{8DDD4274-C617-40EB-B0F7-11CFD6040D60}.Debug|Any CPU.ActiveCfg = Debug|Any CPU
		{8DDD4274-C617-40EB-B0F7-11CFD6040D60}.Debug|Any CPU.Build.0 = Debug|Any CPU
		{8DDD4274-C617-40EB-B0F7-11CFD6040D60}.Release|Any CPU.ActiveCfg = Release|Any CPU
		{8DDD4274-C617-40EB-B0F7-11CFD6040D60}.Release|Any CPU.Build.0 = Release|Any CPU
		{7FAEB2E3-68DB-4BD1-A1AF-D31287DBB02A}.Debug|Any CPU.ActiveCfg = Debug|Any CPU
		{7FAEB2E3-68DB-4BD1-A1AF-D31287DBB02A}.Debug|Any CPU.Build.0 = Debug|Any CPU
		{7FAEB2E3-68DB-4BD1-A1AF-D31287DBB02A}.Release|Any CPU.ActiveCfg = Release|Any CPU
		{7FAEB2E3-68DB-4BD1-A1AF-D31287DBB02A}.Release|Any CPU.Build.0 = Release|Any CPU
	EndGlobalSection
	GlobalSection(SolutionProperties) = preSolution
		HideSolutionNode = FALSE
	EndGlobalSection
	GlobalSection(ExtensibilityGlobals) = postSolution
		SolutionGuid = {555E2598-92A0-4DF5-BAFE-E14143D4D716}
	EndGlobalSection
EndGlobal
