
Microsoft Visual Studio Solution File, Format Version 12.00
# Visual Studio Version 16
VisualStudioVersion = 16.0.31402.337
MinimumVisualStudioVersion = 10.0.40219.1
Project("{FAE04EC0-301F-11D3-BF4B-00C04F79EFBC}") = "Lists", "Lists\Lists.csproj", "{D4B6CA9B-AEDB-487C-A8D8-BB969F6FE353}"
EndProject
Project("{FAE04EC0-301F-11D3-BF4B-00C04F79EFBC}") = "Relationships", "Relationships\Relationships.csproj", "{C59039EB-16A1-4FD8-8A50-9CC6C29128E5}"
EndProject
Global
	GlobalSection(SolutionConfigurationPlatforms) = preSolution
		Debug|Any CPU = Debug|Any CPU
		Release|Any CPU = Release|Any CPU
	EndGlobalSection
	GlobalSection(ProjectConfigurationPlatforms) = postSolution
		{D4B6CA9B-AEDB-487C-A8D8-BB969F6FE353}.Debug|Any CPU.ActiveCfg = Debug|Any CPU
		{D4B6CA9B-AEDB-487C-A8D8-BB969F6FE353}.Debug|Any CPU.Build.0 = Debug|Any CPU
		{D4B6CA9B-AEDB-487C-A8D8-BB969F6FE353}.Release|Any CPU.ActiveCfg = Release|Any CPU
		{D4B6CA9B-AEDB-487C-A8D8-BB969F6FE353}.Release|Any CPU.Build.0 = Release|Any CPU
		{C59039EB-16A1-4FD8-8A50-9CC6C29128E5}.Debug|Any CPU.ActiveCfg = Debug|Any CPU
		{C59039EB-16A1-4FD8-8A50-9CC6C29128E5}.Debug|Any CPU.Build.0 = Debug|Any CPU
		{C59039EB-16A1-4FD8-8A50-9CC6C29128E5}.Release|Any CPU.ActiveCfg = Release|Any CPU
		{C59039EB-16A1-4FD8-8A50-9CC6C29128E5}.Release|Any CPU.Build.0 = Release|Any CPU
	EndGlobalSection
	GlobalSection(SolutionProperties) = preSolution
		HideSolutionNode = FALSE
	EndGlobalSection
	GlobalSection(ExtensibilityGlobals) = postSolution
		SolutionGuid = {555E2598-92A0-4DF5-BAFE-E14143D4D716}
	EndGlobalSection
EndGlobal
