
Microsoft Visual Studio Solution File, Format Version 12.00
# Visual Studio Version 17
VisualStudioVersion = 17.2.32516.85
MinimumVisualStudioVersion = 10.0.40219.1
Project("{9A19103F-16F7-4668-BE54-9A1E7A4F7556}") = "Basics", "Basics\Basics.csproj", "{D4B6CA9B-AEDB-487C-A8D8-BB969F6FE353}"
EndProject
Project("{9A19103F-16F7-4668-BE54-9A1E7A4F7556}") = "DIBasic", "DIBasic\DIBasic.csproj", "{2494C3E8-B993-4A67-945D-50B83F3FC8FF}"
EndProject
Project("{9A19103F-16F7-4668-BE54-9A1E7A4F7556}") = "DINasty", "DINasty\DINasty.csproj", "{7C7A711B-8DE6-4F29-953E-7E090F16BB71}"
EndProject
Project("{9A19103F-16F7-4668-BE54-9A1E7A4F7556}") = "AuthenticationAndAuthorisationJWTDatabase", "AuthenticationAndAuthorisationJWTDatabase\AuthenticationAndAuthorisationJWTDatabase.csproj", "{CE8450C1-936E-45EF-9AEF-13162778D5AC}"
EndProject
Project("{9A19103F-16F7-4668-BE54-9A1E7A4F7556}") = "Swagger", "Swagger\Swagger.csproj", "{6868200E-3A65-496D-AA85-374F4E743C77}"
EndProject
Project("{9A19103F-16F7-4668-BE54-9A1E7A4F7556}") = "RepositoryPattern", "RepositoryPattern\RepositoryPattern.csproj", "{21190F2F-F595-4CE9-937A-52EE75A8EBE3}"
EndProject
Project("{9A19103F-16F7-4668-BE54-9A1E7A4F7556}") = "HttpPatch", "HttpPatch\HttpPatch.csproj", "{BA368AD2-5F3F-495E-AFCD-26751098FF95}"
EndProject
Project("{9A19103F-16F7-4668-BE54-9A1E7A4F7556}") = "PerformanceProfiling", "PerformanceProfiling\PerformanceProfiling.csproj", "{47BA11DA-24DD-4331-92F7-EBDFF67B59D0}"
EndProject
Project("{9A19103F-16F7-4668-BE54-9A1E7A4F7556}") = "CachingWithLazyCache", "CachingWithLazyCache\CachingWithLazyCache.csproj", "{5FFC2A0C-72CC-4B48-989A-CBAF3D16A330}"
EndProject
Project("{9A19103F-16F7-4668-BE54-9A1E7A4F7556}") = "CachingWithDistributedCache", "CachingWithDistributedCache\CachingWithDistributedCache.csproj", "{A557E29E-E71F-406D-9935-E96424F146DB}"
EndProject
Project("{2150E333-8FDC-42A3-9474-1A3956D46DE8}") = "SharedFiles", "SharedFiles", "{F06A7AC2-FFA7-4262-8A87-1476A805549D}"
	ProjectSection(SolutionItems) = preProject
		SharedFiles\DapperContext.cs = SharedFiles\DapperContext.cs
		AuthenticationAndAuthorisationJWTDatabase\DapperTransient.cs = AuthenticationAndAuthorisationJWTDatabase\DapperTransient.cs
	EndProjectSection
EndProject
Project("{9A19103F-16F7-4668-BE54-9A1E7A4F7556}") = "AspNetCore.Identity.Dapper", "AspNetCore.Identity.Dapper\AspNetCore.Identity.Dapper.csproj", "{52C1DA3D-8573-4F69-A65B-C148893A4A4B}"
EndProject
Global
	GlobalSection(SolutionConfigurationPlatforms) = preSolution
		Debug|Any CPU = Debug|Any CPU
		Release|Any CPU = Release|Any CPU
	EndGlobalSection
	GlobalSection(ProjectConfigurationPlatforms) = postSolution
		{D4B6CA9B-AEDB-487C-A8D8-BB969F6FE353}.Debug|Any CPU.ActiveCfg = Debug|Any CPU
		{D4B6CA9B-AEDB-487C-A8D8-BB969F6FE353}.Debug|Any CPU.Build.0 = Debug|Any CPU
		{D4B6CA9B-AEDB-487C-A8D8-BB969F6FE353}.Release|Any CPU.ActiveCfg = Release|Any CPU
		{D4B6CA9B-AEDB-487C-A8D8-BB969F6FE353}.Release|Any CPU.Build.0 = Release|Any CPU
		{2494C3E8-B993-4A67-945D-50B83F3FC8FF}.Debug|Any CPU.ActiveCfg = Debug|Any CPU
		{2494C3E8-B993-4A67-945D-50B83F3FC8FF}.Debug|Any CPU.Build.0 = Debug|Any CPU
		{2494C3E8-B993-4A67-945D-50B83F3FC8FF}.Release|Any CPU.ActiveCfg = Release|Any CPU
		{2494C3E8-B993-4A67-945D-50B83F3FC8FF}.Release|Any CPU.Build.0 = Release|Any CPU
		{7C7A711B-8DE6-4F29-953E-7E090F16BB71}.Debug|Any CPU.ActiveCfg = Debug|Any CPU
		{7C7A711B-8DE6-4F29-953E-7E090F16BB71}.Debug|Any CPU.Build.0 = Debug|Any CPU
		{7C7A711B-8DE6-4F29-953E-7E090F16BB71}.Release|Any CPU.ActiveCfg = Release|Any CPU
		{7C7A711B-8DE6-4F29-953E-7E090F16BB71}.Release|Any CPU.Build.0 = Release|Any CPU
		{CE8450C1-936E-45EF-9AEF-13162778D5AC}.Debug|Any CPU.ActiveCfg = Debug|Any CPU
		{CE8450C1-936E-45EF-9AEF-13162778D5AC}.Debug|Any CPU.Build.0 = Debug|Any CPU
		{CE8450C1-936E-45EF-9AEF-13162778D5AC}.Release|Any CPU.ActiveCfg = Release|Any CPU
		{CE8450C1-936E-45EF-9AEF-13162778D5AC}.Release|Any CPU.Build.0 = Release|Any CPU
		{6868200E-3A65-496D-AA85-374F4E743C77}.Debug|Any CPU.ActiveCfg = Debug|Any CPU
		{6868200E-3A65-496D-AA85-374F4E743C77}.Debug|Any CPU.Build.0 = Debug|Any CPU
		{6868200E-3A65-496D-AA85-374F4E743C77}.Release|Any CPU.ActiveCfg = Release|Any CPU
		{6868200E-3A65-496D-AA85-374F4E743C77}.Release|Any CPU.Build.0 = Release|Any CPU
		{21190F2F-F595-4CE9-937A-52EE75A8EBE3}.Debug|Any CPU.ActiveCfg = Debug|Any CPU
		{21190F2F-F595-4CE9-937A-52EE75A8EBE3}.Debug|Any CPU.Build.0 = Debug|Any CPU
		{21190F2F-F595-4CE9-937A-52EE75A8EBE3}.Release|Any CPU.ActiveCfg = Release|Any CPU
		{21190F2F-F595-4CE9-937A-52EE75A8EBE3}.Release|Any CPU.Build.0 = Release|Any CPU
		{BA368AD2-5F3F-495E-AFCD-26751098FF95}.Debug|Any CPU.ActiveCfg = Debug|Any CPU
		{BA368AD2-5F3F-495E-AFCD-26751098FF95}.Debug|Any CPU.Build.0 = Debug|Any CPU
		{BA368AD2-5F3F-495E-AFCD-26751098FF95}.Release|Any CPU.ActiveCfg = Release|Any CPU
		{BA368AD2-5F3F-495E-AFCD-26751098FF95}.Release|Any CPU.Build.0 = Release|Any CPU
		{47BA11DA-24DD-4331-92F7-EBDFF67B59D0}.Debug|Any CPU.ActiveCfg = Debug|Any CPU
		{47BA11DA-24DD-4331-92F7-EBDFF67B59D0}.Debug|Any CPU.Build.0 = Debug|Any CPU
		{47BA11DA-24DD-4331-92F7-EBDFF67B59D0}.Release|Any CPU.ActiveCfg = Release|Any CPU
		{47BA11DA-24DD-4331-92F7-EBDFF67B59D0}.Release|Any CPU.Build.0 = Release|Any CPU
		{5FFC2A0C-72CC-4B48-989A-CBAF3D16A330}.Debug|Any CPU.ActiveCfg = Debug|Any CPU
		{5FFC2A0C-72CC-4B48-989A-CBAF3D16A330}.Debug|Any CPU.Build.0 = Debug|Any CPU
		{5FFC2A0C-72CC-4B48-989A-CBAF3D16A330}.Release|Any CPU.ActiveCfg = Release|Any CPU
		{5FFC2A0C-72CC-4B48-989A-CBAF3D16A330}.Release|Any CPU.Build.0 = Release|Any CPU
		{A557E29E-E71F-406D-9935-E96424F146DB}.Debug|Any CPU.ActiveCfg = Debug|Any CPU
		{A557E29E-E71F-406D-9935-E96424F146DB}.Debug|Any CPU.Build.0 = Debug|Any CPU
		{A557E29E-E71F-406D-9935-E96424F146DB}.Release|Any CPU.ActiveCfg = Release|Any CPU
		{A557E29E-E71F-406D-9935-E96424F146DB}.Release|Any CPU.Build.0 = Release|Any CPU
		{52C1DA3D-8573-4F69-A65B-C148893A4A4B}.Debug|Any CPU.ActiveCfg = Debug|Any CPU
		{52C1DA3D-8573-4F69-A65B-C148893A4A4B}.Debug|Any CPU.Build.0 = Debug|Any CPU
		{52C1DA3D-8573-4F69-A65B-C148893A4A4B}.Release|Any CPU.ActiveCfg = Release|Any CPU
		{52C1DA3D-8573-4F69-A65B-C148893A4A4B}.Release|Any CPU.Build.0 = Release|Any CPU
	EndGlobalSection
	GlobalSection(SolutionProperties) = preSolution
		HideSolutionNode = FALSE
	EndGlobalSection
	GlobalSection(ExtensibilityGlobals) = postSolution
		SolutionGuid = {555E2598-92A0-4DF5-BAFE-E14143D4D716}
	EndGlobalSection
EndGlobal
